<?xml version="1.0" encoding="utf-8"?>
<Project ToolsVersion="4.0" xmlns="http://schemas.microsoft.com/developer/msbuild/2003">
  <ItemGroup>
    <Filter Include="Source Files">
      <UniqueIdentifier>{5c0803c5-0773-4acd-ba28-5753f31221fe}</UniqueIdentifier>
      <Extensions>cpp;c;cxx;rc;def;r;odl;idl;hpj;bat</Extensions>
    </Filter>
    <Filter Include="Header Files">
      <UniqueIdentifier>{faadb886-dfd9-47ed-952e-b3407561da10}</UniqueIdentifier>
      <Extensions>h;hpp;hxx;hm;inl</Extensions>
    </Filter>
    <Filter Include="Resource Files">
      <UniqueIdentifier>{3b139ff9-0f1a-4450-bbd2-6d22bcae11e5}</UniqueIdentifier>
      <Extensions>ico;cur;bmp;dlg;rc2;rct;bin;rgs;gif;jpg;jpeg;jpe</Extensions>
    </Filter>
  </ItemGroup>
  <ItemGroup>
    <ClCompile Include="cAStar.cpp">
      <Filter>Source Files</Filter>
    </ClCompile>
    <ClCompile Include="cCritter.cpp">
      <Filter>Source Files</Filter>
    </ClCompile>
    <ClCompile Include="cGame.cpp">
      <Filter>Source Files</Filter>
    </ClCompile>
    <ClCompile Include="cGraphicsLayer.cpp">
      <Filter>Source Files</Filter>
    </ClCompile>
    <ClCompile Include="cInputLayer.cpp">
      <Filter>Source Files</Filter>
    </ClCompile>
    <ClCompile Include="cKeyboard.cpp">
      <Filter>Source Files</Filter>
    </ClCompile>
    <ClCompile Include="cLog.cpp">
      <Filter>Source Files</Filter>
    </ClCompile>
    <ClCompile Include="cMouse.cpp">
      <Filter>Source Files</Filter>
    </ClCompile>
    <ClCompile Include="cPath.cpp">
      <Filter>Source Files</Filter>
    </ClCompile>
    <ClCompile Include="cScene.cpp">
      <Filter>Source Files</Filter>
    </ClCompile>
    <ClCompile Include="cSkeleton.cpp">
      <Filter>Source Files</Filter>
    </ClCompile>
    <ClCompile Include="cTrajectory.cpp">
      <Filter>Source Files</Filter>
    </ClCompile>
    <ClCompile Include="Win32Main.cpp">
      <Filter>Source Files</Filter>
    </ClCompile>
    <ClCompile Include="CTile2D.cpp">
      <Filter>Source Files</Filter>
    </ClCompile>
    <ClCompile Include="vlrSoundLayer.cpp">
      <Filter>Source Files</Filter>
    </ClCompile>
    <ClCompile Include="cEnemy.cpp">
      <Filter>Source Files</Filter>
    </ClCompile>
  </ItemGroup>
  <ItemGroup>
    <ClInclude Include="cAStar.h">
      <Filter>Header Files</Filter>
    </ClInclude>
    <ClInclude Include="cCritter.h">
      <Filter>Header Files</Filter>
    </ClInclude>
    <ClInclude Include="cGame.h">
      <Filter>Header Files</Filter>
    </ClInclude>
    <ClInclude Include="cGraphicsLayer.h">
      <Filter>Header Files</Filter>
    </ClInclude>
    <ClInclude Include="cInputLayer.h">
      <Filter>Header Files</Filter>
    </ClInclude>
    <ClInclude Include="cKeyboard.h">
      <Filter>Header Files</Filter>
    </ClInclude>
    <ClInclude Include="cLog.h">
      <Filter>Header Files</Filter>
    </ClInclude>
    <ClInclude Include="cMouse.h">
      <Filter>Header Files</Filter>
    </ClInclude>
    <ClInclude Include="cPath.h">
      <Filter>Header Files</Filter>
    </ClInclude>
    <ClInclude Include="cScene.h">
      <Filter>Header Files</Filter>
    </ClInclude>
    <ClInclude Include="cSkeleton.h">
      <Filter>Header Files</Filter>
    </ClInclude>
    <ClInclude Include="cTrajectory.h">
      <Filter>Header Files</Filter>
    </ClInclude>
    <ClInclude Include="CTile2D.h">
      <Filter>Header Files</Filter>
    </ClInclude>
    <ClInclude Include="vlrSoundLayer.h">
      <Filter>Header Files</Filter>
    </ClInclude>
    <ClInclude Include="cEnemy.h">
      <Filter>Header Files</Filter>
    </ClInclude>
  </ItemGroup>
</Project>